
Microsoft Visual Studio Solution File, Format Version 12.00
# Visual Studio 15
VisualStudioVersion = 15.0.26228.9
MinimumVisualStudioVersion = 10.0.40219.1
Project("{FAE04EC0-301F-11D3-BF4B-00C04F79EFBC}") = "Buscar con Lucene", "Buscar con Lucene\Buscar con Lucene.csproj", "{462C3D60-AF85-42D6-9D04-99D62945E486}"
EndProject
Global
	GlobalSection(SolutionConfigurationPlatforms) = preSolution
		Debug|Any CPU = Debug|Any CPU
		Release|Any CPU = Release|Any CPU
	EndGlobalSection
	GlobalSection(ProjectConfigurationPlatforms) = postSolution
		{462C3D60-AF85-42D6-9D04-99D62945E486}.Debug|Any CPU.ActiveCfg = Debug|Any CPU
		{462C3D60-AF85-42D6-9D04-99D62945E486}.Debug|Any CPU.Build.0 = Debug|Any CPU
		{462C3D60-AF85-42D6-9D04-99D62945E486}.Release|Any CPU.ActiveCfg = Release|Any CPU
		{462C3D60-AF85-42D6-9D04-99D62945E486}.Release|Any CPU.Build.0 = Release|Any CPU
	EndGlobalSection
	GlobalSection(SolutionProperties) = preSolution
		HideSolutionNode = FALSE
	EndGlobalSection
	GlobalSection(ExtensibilityGlobals) = postSolution
		SolutionGuid = {DEED0739-C466-4F81-A7D9-8A1D2A389E01}
	EndGlobalSection
EndGlobal
